
Microsoft Visual Studio Solution File, Format Version 12.00
# Visual Studio Version 16
VisualStudioVersion = 16.0.30503.244
MinimumVisualStudioVersion = 10.0.40219.1
Project("{9A19103F-16F7-4668-BE54-9A1E7A4F7556}") = "Uyelik", "Uyelik\Uyelik.csproj", "{DA59FBEF-0CB0-4E6C-84BD-035A4D138DA9}"
EndProject
Global
	GlobalSection(SolutionConfigurationPlatforms) = preSolution
		Debug|Any CPU = Debug|Any CPU
		Release|Any CPU = Release|Any CPU
	EndGlobalSection
	GlobalSection(ProjectConfigurationPlatforms) = postSolution
		{DA59FBEF-0CB0-4E6C-84BD-035A4D138DA9}.Debug|Any CPU.ActiveCfg = Debug|Any CPU
		{DA59FBEF-0CB0-4E6C-84BD-035A4D138DA9}.Debug|Any CPU.Build.0 = Debug|Any CPU
		{DA59FBEF-0CB0-4E6C-84BD-035A4D138DA9}.Release|Any CPU.ActiveCfg = Release|Any CPU
		{DA59FBEF-0CB0-4E6C-84BD-035A4D138DA9}.Release|Any CPU.Build.0 = Release|Any CPU
	EndGlobalSection
	GlobalSection(SolutionProperties) = preSolution
		HideSolutionNode = FALSE
	EndGlobalSection
	GlobalSection(ExtensibilityGlobals) = postSolution
		SolutionGuid = {31220083-B856-43C5-9AD0-F94F53A9CEF1}
	EndGlobalSection
EndGlobal
